// !$*UTF8*$!
{
	archiveVersion = 1;
	classes = {
	};
	objectVersion = 46;
	objects = {

/* Begin PBXBuildFile section */
		9FCB78C11DD9999F00CC20C2 /* AppDelegate.swift in Sources */ = {isa = PBXBuildFile; fileRef = 9FCB78C01DD9999F00CC20C2 /* AppDelegate.swift */; };
		9FCB78C31DD9999F00CC20C2 /* ViewController.swift in Sources */ = {isa = PBXBuildFile; fileRef = 9FCB78C21DD9999F00CC20C2 /* ViewController.swift */; };
		9FCB78C61DD9999F00CC20C2 /* Main.storyboard in Resources */ = {isa = PBXBuildFile; fileRef = 9FCB78C41DD9999F00CC20C2 /* Main.storyboard */; };
		9FCB78C91DD9999F00CC20C2 /* Taxifeecalculate.xcdatamodeld in Sources */ = {isa = PBXBuildFile; fileRef = 9FCB78C71DD9999F00CC20C2 /* Taxifeecalculate.xcdatamodeld */; };
		9FCB78CB1DD9999F00CC20C2 /* Assets.xcassets in Resources */ = {isa = PBXBuildFile; fileRef = 9FCB78CA1DD9999F00CC20C2 /* Assets.xcassets */; };
		9FCB78CE1DD9999F00CC20C2 /* LaunchScreen.storyboard in Resources */ = {isa = PBXBuildFile; fileRef = 9FCB78CC1DD9999F00CC20C2 /* LaunchScreen.storyboard */; };
/* End PBXBuildFile section */

/* Begin PBXFileReference section */
		9FCB78BD1DD9999F00CC20C2 /* Taxifeecalculate.app */ = {isa = PBXFileReference; explicitFileType = wrapper.application; includeInIndex = 0; path = Taxifeecalculate.app; sourceTree = BUILT_PRODUCTS_DIR; };
		9FCB78C01DD9999F00CC20C2 /* AppDelegate.swift */ = {isa = PBXFileReference; lastKnownFileType = sourcecode.swift; path = AppDelegate.swift; sourceTree = "<group>"; };
		9FCB78C21DD9999F00CC20C2 /* ViewController.swift */ = {isa = PBXFileReference; lastKnownFileType = sourcecode.swift; path = ViewController.swift; sourceTree = "<group>"; };
		9FCB78C51DD9999F00CC20C2 /* Base */ = {isa = PBXFileReference; lastKnownFileType = file.storyboard; name = Base; path = Base.lproj/Main.storyboard; sourceTree = "<group>"; };
		9FCB78C81DD9999F00CC20C2 /* Taxifeecalculate.xcdatamodel */ = {isa = PBXFileReference; lastKnownFileType = wrapper.xcdatamodel; path = Taxifeecalculate.xcdatamodel; sourceTree = "<group>"; };
		9FCB78CA1DD9999F00CC20C2 /* Assets.xcassets */ = {isa = PBXFileReference; lastKnownFileType = folder.assetcatalog; path = Assets.xcassets; sourceTree = "<group>"; };
		9FCB78CD1DD9999F00CC20C2 /* Base */ = {isa = PBXFileReference; lastKnownFileType = file.storyboard; name = Base; path = Base.lproj/LaunchScreen.storyboard; sourceTree = "<group>"; };
		9FCB78CF1DD9999F00CC20C2 /* Info.plist */ = {isa = PBXFileReference; lastKnownFileType = text.plist.xml; path = Info.plist; sourceTree = "<group>"; };
/* End PBXFileReference section */

/* Begin PBXFrameworksBuildPhase section */
		9FCB78BA1DD9999F00CC20C2 /* Frameworks */ = {
			isa = PBXFrameworksBuildPhase;
			buildActionMask = 2147483647;
			files = (
			);
			runOnlyForDeploymentPostprocessing = 0;
		};
/* End PBXFrameworksBuildPhase section */

/* Begin PBXGroup section */
		9FCB78B41DD9999F00CC20C2 = {
			isa = PBXGroup;
			children = (
				9FCB78BF1DD9999F00CC20C2 /* Taxifeecalculate */,
				9FCB78BE1DD9999F00CC20C2 /* Products */,
			);
			sourceTree = "<group>";
		};
		9FCB78BE1DD9999F00CC20C2 /* Products */ = {
			isa = PBXGroup;
			children = (
				9FCB78BD1DD9999F00CC20C2 /* Taxifeecalculate.app */,
			);
			name = Products;
			sourceTree = "<group>";
		};
		9FCB78BF1DD9999F00CC20C2 /* Taxifeecalculate */ = {
			isa = PBXGroup;
			children = (
				9FCB78C01DD9999F00CC20C2 /* AppDelegate.swift */,
				9FCB78C21DD9999F00CC20C2 /* ViewController.swift */,
				9FCB78C41DD9999F00CC20C2 /* Main.storyboard */,
				9FCB78CA1DD9999F00CC20C2 /* Assets.xcassets */,
				9FCB78CC1DD9999F00CC20C2 /* LaunchScreen.storyboard */,
				9FCB78CF1DD9999F00CC20C2 /* Info.plist */,
				9FCB78C71DD9999F00CC20C2 /* Taxifeecalculate.xcdatamodeld */,
			);
			path = Taxifeecalculate;
			sourceTree = "<group>";
		};
/* End PBXGroup section */

/* Begin PBXNativeTarget section */
		9FCB78BC1DD9999F00CC20C2 /* Taxifeecalculate */ = {
			isa = PBXNativeTarget;
			buildConfigurationList = 9FCB78D21DD9999F00CC20C2 /* Build configuration list for PBXNativeTarget "Taxifeecalculate" */;
			buildPhases = (
				9FCB78B91DD9999F00CC20C2 /* Sources */,
				9FCB78BA1DD9999F00CC20C2 /* Frameworks */,
				9FCB78BB1DD9999F00CC20C2 /* Resources */,
			);
			buildRules = (
			);
			dependencies = (
			);
			name = Taxifeecalculate;
			productName = Taxifeecalculate;
			productReference = 9FCB78BD1DD9999F00CC20C2 /* Taxifeecalculate.app */;
			productType = "com.apple.product-type.application";
		};
/* End PBXNativeTarget section */

/* Begin PBXProject section */
		9FCB78B51DD9999F00CC20C2 /* Project object */ = {
			isa = PBXProject;
			attributes = {
				LastSwiftUpdateCheck = 0730;
				LastUpgradeCheck = 0730;
				ORGANIZATIONNAME = Allen;
				TargetAttributes = {
					9FCB78BC1DD9999F00CC20C2 = {
						CreatedOnToolsVersion = 7.3.1;
					};
				};
			};
			buildConfigurationList = 9FCB78B81DD9999F00CC20C2 /* Build configuration list for PBXProject "Taxifeecalculate" */;
			compatibilityVersion = "Xcode 3.2";
			developmentRegion = English;
			hasScannedForEncodings = 0;
			knownRegions = (
				en,
				Base,
			);
			mainGroup = 9FCB78B41DD9999F00CC20C2;
			productRefGroup = 9FCB78BE1DD9999F00CC20C2 /* Products */;
			projectDirPath = "";
			projectRoot = "";
			targets = (
				9FCB78BC1DD9999F00CC20C2 /* Taxifeecalculate */,
			);
		};
/* End PBXProject section */

/* Begin PBXResourcesBuildPhase section */
		9FCB78BB1DD9999F00CC20C2 /* Resources */ = {
			isa = PBXResourcesBuildPhase;
			buildActionMask = 2147483647;
			files = (
				9FCB78CE1DD9999F00CC20C2 /* LaunchScreen.storyboard in Resources */,
				9FCB78CB1DD9999F00CC20C2 /* Assets.xcassets in Resources */,
				9FCB78C61DD9999F00CC20C2 /* Main.storyboard in Resources */,
			);
			runOnlyForDeploymentPostprocessing = 0;
		};
/* End PBXResourcesBuildPhase section */

/* Begin PBXSourcesBuildPhase section */
		9FCB78B91DD9999F00CC20C2 /* Sources */ = {
			isa = PBXSourcesBuildPhase;
			buildActionMask = 2147483647;
			files = (
				9FCB78C91DD9999F00CC20C2 /* Taxifeecalculate.xcdatamodeld in Sources */,
				9FCB78C31DD9999F00CC20C2 /* ViewController.swift in Sources */,
				9FCB78C11DD9999F00CC20C2 /* AppDelegate.swift in Sources */,
			);
			runOnlyForDeploymentPostprocessing = 0;
		};
/* End PBXSourcesBuildPhase section */

/* Begin PBXVariantGroup section */
		9FCB78C41DD9999F00CC20C2 /* Main.storyboard */ = {
			isa = PBXVariantGroup;
			children = (
				9FCB78C51DD9999F00CC20C2 /* Base */,
			);
			name = Main.storyboard;
			sourceTree = "<group>";
		};
		9FCB78CC1DD9999F00CC20C2 /* LaunchScreen.storyboard */ = {
			isa = PBXVariantGroup;
			children = (
				9FCB78CD1DD9999F00CC20C2 /* Base */,
			);
			name = LaunchScreen.storyboard;
			sourceTree = "<group>";
		};
/* End PBXVariantGroup section */

/* Begin XCBuildConfiguration section */
		9FCB78D01DD9999F00CC20C2 /* Debug */ = {
			isa = XCBuildConfiguration;
			buildSettings = {
				ALWAYS_SEARCH_USER_PATHS = NO;
				CLANG_ANALYZER_NONNULL = YES;
				CLANG_CXX_LANGUAGE_STANDARD = "gnu++0x";
				CLANG_CXX_LIBRARY = "libc++";
				CLANG_ENABLE_MODULES = YES;
				CLANG_ENABLE_OBJC_ARC = YES;
				CLANG_WARN_BOOL_CONVERSION = YES;
				CLANG_WARN_CONSTANT_CONVERSION = YES;
				CLANG_WARN_DIRECT_OBJC_ISA_USAGE = YES_ERROR;
				CLANG_WARN_EMPTY_BODY = YES;
				CLANG_WARN_ENUM_CONVERSION = YES;
				CLANG_WARN_INT_CONVERSION = YES;
				CLANG_WARN_OBJC_ROOT_CLASS = YES_ERROR;
				CLANG_WARN_UNREACHABLE_CODE = YES;
				CLANG_WARN__DUPLICATE_METHOD_MATCH = YES;
				"CODE_SIGN_IDENTITY[sdk=iphoneos*]" = "iPhone Developer";
				COPY_PHASE_STRIP = NO;
				DEBUG_INFORMATION_FORMAT = dwarf;
				ENABLE_STRICT_OBJC_MSGSEND = YES;
				ENABLE_TESTABILITY = YES;
				GCC_C_LANGUAGE_STANDARD = gnu99;
				GCC_DYNAMIC_NO_PIC = NO;
				GCC_NO_COMMON_BLOCKS = YES;
				GCC_OPTIMIZATION_LEVEL = 0;
				GCC_PREPROCESSOR_DEFINITIONS = (
					"DEBUG=1",
					"$(inherited)",
				);
				GCC_WARN_64_TO_32_BIT_CONVERSION = YES;
				GCC_WARN_ABOUT_RETURN_TYPE = YES_ERROR;
				GCC_WARN_UNDECLARED_SELECTOR = YES;
				GCC_WARN_UNINITIALIZED_AUTOS = YES_AGGRESSIVE;
				GCC_WARN_UNUSED_FUNCTION = YES;
				GCC_WARN_UNUSED_VARIABLE = YES;
				IPHONEOS_DEPLOYMENT_TARGET = 9.3;
				MTL_ENABLE_DEBUG_INFO = YES;
				ONLY_ACTIVE_ARCH = YES;
				SDKROOT = iphoneos;
				SWIFT_OPTIMIZATION_LEVEL = "-Onone";
			};
			name = Debug;
		};
		9FCB78D11DD9999F00CC20C2 /* Release */ = {
			isa = XCBuildConfiguration;
			buildSettings = {
				ALWAYS_SEARCH_USER_PATHS = NO;
				CLANG_ANALYZER_NONNULL = YES;
				CLANG_CXX_LANGUAGE_STANDARD = "gnu++0x";
				CLANG_CXX_LIBRARY = "libc++";
				CLANG_ENABLE_MODULES = YES;
				CLANG_ENABLE_OBJC_ARC = YES;
				CLANG_WARN_BOOL_CONVERSION = YES;
				CLANG_WARN_CONSTANT_CONVERSION = YES;
				CLANG_WARN_DIRECT_OBJC_ISA_USAGE = YES_ERROR;
				CLANG_WARN_EMPTY_BODY = YES;
				CLANG_WARN_ENUM_CONVERSION = YES;
				CLANG_WARN_INT_CONVERSION = YES;
				CLANG_WARN_OBJC_ROOT_CLASS = YES_ERROR;
				CLANG_WARN_UNREACHABLE_CODE = YES;
				CLANG_WARN__DUPLICATE_METHOD_MATCH = YES;
				"CODE_SIGN_IDENTITY[sdk=iphoneos*]" = "iPhone Developer";
				COPY_PHASE_STRIP = NO;
				DEBUG_INFORMATION_FORMAT = "dwarf-with-dsym";
				ENABLE_NS_ASSERTIONS = NO;
				ENABLE_STRICT_OBJC_MSGSEND = YES;
				GCC_C_LANGUAGE_STANDARD = gnu99;
				GCC_NO_COMMON_BLOCKS = YES;
				GCC_WARN_64_TO_32_BIT_CONVERSION = YES;
				GCC_WARN_ABOUT_RETURN_TYPE = YES_ERROR;
				GCC_WARN_UNDECLARED_SELECTOR = YES;
				GCC_WARN_UNINITIALIZED_AUTOS = YES_AGGRESSIVE;
				GCC_WARN_UNUSED_FUNCTION = YES;
				GCC_WARN_UNUSED_VARIABLE = YES;
				IPHONEOS_DEPLOYMENT_TARGET = 9.3;
				MTL_ENABLE_DEBUG_INFO = NO;
				SDKROOT = iphoneos;
				VALIDATE_PRODUCT = YES;
			};
			name = Release;
		};
		9FCB78D31DD9999F00CC20C2 /* Debug */ = {
			isa = XCBuildConfiguration;
			buildSettings = {
				ASSETCATALOG_COMPILER_APPICON_NAME = AppIcon;
				INFOPLIST_FILE = Taxifeecalculate/Info.plist;
				LD_RUNPATH_SEARCH_PATHS = "$(inherited) @executable_path/Frameworks";
				PRODUCT_BUNDLE_IDENTIFIER = com.allen.exercise.Taxifeecalculate;
				PRODUCT_NAME = "$(TARGET_NAME)";
			};
			name = Debug;
		};
		9FCB78D41DD9999F00CC20C2 /* Release */ = {
			isa = XCBuildConfiguration;
			buildSettings = {
				ASSETCATALOG_COMPILER_APPICON_NAME = AppIcon;
				INFOPLIST_FILE = Taxifeecalculate/Info.plist;
				LD_RUNPATH_SEARCH_PATHS = "$(inherited) @executable_path/Frameworks";
				PRODUCT_BUNDLE_IDENTIFIER = com.allen.exercise.Taxifeecalculate;
				PRODUCT_NAME = "$(TARGET_NAME)";
			};
			name = Release;
		};
/* End XCBuildConfiguration section */

/* Begin XCConfigurationList section */
		9FCB78B81DD9999F00CC20C2 /* Build configuration list for PBXProject "Taxifeecalculate" */ = {
			isa = XCConfigurationList;
			buildConfigurations = (
				9FCB78D01DD9999F00CC20C2 /* Debug */,
				9FCB78D11DD9999F00CC20C2 /* Release */,
			);
			defaultConfigurationIsVisible = 0;
			defaultConfigurationName = Release;
		};
		9FCB78D21DD9999F00CC20C2 /* Build configuration list for PBXNativeTarget "Taxifeecalculate" */ = {
			isa = XCConfigurationList;
			buildConfigurations = (
				9FCB78D31DD9999F00CC20C2 /* Debug */,
				9FCB78D41DD9999F00CC20C2 /* Release */,
			);
			defaultConfigurationIsVisible = 0;
		};
/* End XCConfigurationList section */

/* Begin XCVersionGroup section */
		9FCB78C71DD9999F00CC20C2 /* Taxifeecalculate.xcdatamodeld */ = {
			isa = XCVersionGroup;
			children = (
				9FCB78C81DD9999F00CC20C2 /* Taxifeecalculate.xcdatamodel */,
			);
			currentVersion = 9FCB78C81DD9999F00CC20C2 /* Taxifeecalculate.xcdatamodel */;
			path = Taxifeecalculate.xcdatamodeld;
			sourceTree = "<group>";
			versionGroupType = wrapper.xcdatamodel;
		};
/* End XCVersionGroup section */
	};
	rootObject = 9FCB78B51DD9999F00CC20C2 /* Project object */;
}
